Microsoft Visual Studio Solution File, Format Version 7.00
Project("{8BC9CEB8-8B4A-11D0-8D11-00A0C91BC942}") = "w32pst", "w32pst.vcproj", "{7ABFA22F-27B6-4771-A63A-F3BD9BB5E819}"
EndProject
Project("{8BC9CEB8-8B4A-11D0-8D11-00A0C91BC942}") = "readlog", "readlog.vcproj", "{DC5B4944-D652-4761-AF88-9FC2AC321FA1}"
EndProject
Project("{54435603-DBB4-11D2-8724-00A0C9A8B90C}") = "LibPST", "Setup1.vdproj", "{F3CFFE7E-DA2E-4CDF-8BA7-D32C7A5F148A}"
EndProject
Global
	GlobalSection(SolutionConfiguration) = preSolution
		ConfigName.0 = Debug
		ConfigName.1 = Release
	EndGlobalSection
	GlobalSection(ProjectDependencies) = postSolution
	EndGlobalSection
	GlobalSection(ProjectConfiguration) = postSolution
		{7ABFA22F-27B6-4771-A63A-F3BD9BB5E819}.Debug.ActiveCfg = Debug|Win32
		{7ABFA22F-27B6-4771-A63A-F3BD9BB5E819}.Debug.Build.0 = Debug|Win32
		{7ABFA22F-27B6-4771-A63A-F3BD9BB5E819}.Release.ActiveCfg = Release|Win32
		{7ABFA22F-27B6-4771-A63A-F3BD9BB5E819}.Release.Build.0 = Release|Win32
		{DC5B4944-D652-4761-AF88-9FC2AC321FA1}.Debug.ActiveCfg = Debug|Win32
		{DC5B4944-D652-4761-AF88-9FC2AC321FA1}.Debug.Build.0 = Debug|Win32
		{DC5B4944-D652-4761-AF88-9FC2AC321FA1}.Release.ActiveCfg = Release|Win32
		{DC5B4944-D652-4761-AF88-9FC2AC321FA1}.Release.Build.0 = Release|Win32
		{F3CFFE7E-DA2E-4CDF-8BA7-D32C7A5F148A}.Debug.ActiveCfg = Debug
		{F3CFFE7E-DA2E-4CDF-8BA7-D32C7A5F148A}.Release.ActiveCfg = Release
	EndGlobalSection
	GlobalSection(ExtensibilityGlobals) = postSolution
	EndGlobalSection
	GlobalSection(ExtensibilityAddIns) = postSolution
	EndGlobalSection
EndGlobal
